dependencies:
- name: elasticsearch-logging
  repository: file://../elasticsearch-logging
  version: 19.5.5
- name: kibana-logging
  repository: file://../kibana-logging
  version: 10.2.10
- name: fluentd-logging
  repository: file://../fluentd-logging
  version: 0.3.9
- name: web-server
  repository: file://../web-server
  version: 1.0.0
- name: kube-prometheus-stack
  repository: file://../kube-prometheus-stack
  version: 45.1.0
digest: sha256:1e53b8360bafda77ed8d99d077c2b7a8357f66770b104019ab9c7ef73bb56337
generated: "2023-02-16T14:38:50.807153023+03:00"
