dependencies:
- name: elasticsearch-logging
  repository: file://../elasticsearch-logging
  version: 19.5.5
- name: kibana-logging
  repository: file://../kibana-logging
  version: 10.2.10
- name: fluentd-logging
  repository: file://../fluentd-logging
  version: 0.3.9
- name: web-server
  repository: file://../web-server
  version: 1.0.0
digest: sha256:544cd1c087f4d8232e86cd5c6b31dc5ff02355321bf4b59753e92cf1466c02ab
generated: "2023-02-16T02:17:14.678578119+03:00"
